// !$*UTF8*$!
{
	archiveVersion = 1;
	classes = {
	};
	objectVersion = 46;
	objects = {

/* Begin PBXBuildFile section */
		EA83246E1A23235900500268 /* main.m in Sources */ = {isa = PBXBuildFile; fileRef = EA83246D1A23235900500268 /* main.m */; };
		EA8324711A23235900500268 /* AppDelegate.m in Sources */ = {isa = PBXBuildFile; fileRef = EA8324701A23235900500268 /* AppDelegate.m */; };
		EA8324741A23235900500268 /* ViewController.m in Sources */ = {isa = PBXBuildFile; fileRef = EA8324731A23235900500268 /* ViewController.m */; };
		EA8324771A23235900500268 /* Main.storyboard in Resources */ = {isa = PBXBuildFile; fileRef = EA8324751A23235900500268 /* Main.storyboard */; };
		EA8324791A23235900500268 /* Images.xcassets in Resources */ = {isa = PBXBuildFile; fileRef = EA8324781A23235900500268 /* Images.xcassets */; };
		EA83247C1A23235A00500268 /* LaunchScreen.xib in Resources */ = {isa = PBXBuildFile; fileRef = EA83247A1A23235A00500268 /* LaunchScreen.xib */; };
		EA8324881A23235A00500268 /* CHCTopMenuDemoTests.m in Sources */ = {isa = PBXBuildFile; fileRef = EA8324871A23235A00500268 /* CHCTopMenuDemoTests.m */; };
		EA8324981A2323A900500268 /* CHCTopMenuBar.m in Sources */ = {isa = PBXBuildFile; fileRef = EA8324931A2323A900500268 /* CHCTopMenuBar.m */; };
		EA8324991A2323A900500268 /* CHCTopMenuItem.m in Sources */ = {isa = PBXBuildFile; fileRef = EA8324951A2323A900500268 /* CHCTopMenuItem.m */; };
		EA83249A1A2323A900500268 /* CHCTopMenuViewController.m in Sources */ = {isa = PBXBuildFile; fileRef = EA8324971A2323A900500268 /* CHCTopMenuViewController.m */; };
		EA83249D1A23245500500268 /* SLViewController.m in Sources */ = {isa = PBXBuildFile; fileRef = EA83249C1A23245500500268 /* SLViewController.m */; };
/* End PBXBuildFile section */

/* Begin PBXContainerItemProxy section */
		EA8324821A23235A00500268 /* PBXContainerItemProxy */ = {
			isa = PBXContainerItemProxy;
			containerPortal = EA8324601A23235900500268 /* Project object */;
			proxyType = 1;
			remoteGlobalIDString = EA8324671A23235900500268;
			remoteInfo = CHCTopMenuDemo;
		};
/* End PBXContainerItemProxy section */

/* Begin PBXFileReference section */
		EA8324681A23235900500268 /* CHCTopMenuDemo.app */ = {isa = PBXFileReference; explicitFileType = wrapper.application; includeInIndex = 0; path = CHCTopMenuDemo.app; sourceTree = BUILT_PRODUCTS_DIR; };
		EA83246C1A23235900500268 /* Info.plist */ = {isa = PBXFileReference; lastKnownFileType = text.plist.xml; path = Info.plist; sourceTree = "<group>"; };
		EA83246D1A23235900500268 /* main.m */ = {isa = PBXFileReference; lastKnownFileType = sourcecode.c.objc; path = main.m; sourceTree = "<group>"; };
		EA83246F1A23235900500268 /* AppDelegate.h */ = {isa = PBXFileReference; lastKnownFileType = sourcecode.c.h; path = AppDelegate.h; sourceTree = "<group>"; };
		EA8324701A23235900500268 /* AppDelegate.m */ = {isa = PBXFileReference; lastKnownFileType = sourcecode.c.objc; path = AppDelegate.m; sourceTree = "<group>"; };
		EA8324721A23235900500268 /* ViewController.h */ = {isa = PBXFileReference; lastKnownFileType = sourcecode.c.h; path = ViewController.h; sourceTree = "<group>"; };
		EA8324731A23235900500268 /* ViewController.m */ = {isa = PBXFileReference; lastKnownFileType = sourcecode.c.objc; path = ViewController.m; sourceTree = "<group>"; };
		EA8324761A23235900500268 /* Base */ = {isa = PBXFileReference; lastKnownFileType = file.storyboard; name = Base; path = Base.lproj/Main.storyboard; sourceTree = "<group>"; };
		EA8324781A23235900500268 /* Images.xcassets */ = {isa = PBXFileReference; lastKnownFileType = folder.assetcatalog; path = Images.xcassets; sourceTree = "<group>"; };
		EA83247B1A23235A00500268 /* Base */ = {isa = PBXFileReference; lastKnownFileType = file.xib; name = Base; path = Base.lproj/LaunchScreen.xib; sourceTree = "<group>"; };
		EA8324811A23235A00500268 /* CHCTopMenuDemoTests.xctest */ = {isa = PBXFileReference; explicitFileType = wrapper.cfbundle; includeInIndex = 0; path = CHCTopMenuDemoTests.xctest; sourceTree = BUILT_PRODUCTS_DIR; };
		EA8324861A23235A00500268 /* Info.plist */ = {isa = PBXFileReference; lastKnownFileType = text.plist.xml; path = Info.plist; sourceTree = "<group>"; };
		EA8324871A23235A00500268 /* CHCTopMenuDemoTests.m */ = {isa = PBXFileReference; lastKnownFileType = sourcecode.c.objc; path = CHCTopMenuDemoTests.m; sourceTree = "<group>"; };
		EA8324921A2323A900500268 /* CHCTopMenuBar.h */ = {isa = PBXFileReference; fileEncoding = 4; lastKnownFileType = sourcecode.c.h; path = CHCTopMenuBar.h; sourceTree = "<group>"; };
		EA8324931A2323A900500268 /* CHCTopMenuBar.m */ = {isa = PBXFileReference; fileEncoding = 4; lastKnownFileType = sourcecode.c.objc; path = CHCTopMenuBar.m; sourceTree = "<group>"; };
		EA8324941A2323A900500268 /* CHCTopMenuItem.h */ = {isa = PBXFileReference; fileEncoding = 4; lastKnownFileType = sourcecode.c.h; path = CHCTopMenuItem.h; sourceTree = "<group>"; };
		EA8324951A2323A900500268 /* CHCTopMenuItem.m */ = {isa = PBXFileReference; fileEncoding = 4; lastKnownFileType = sourcecode.c.objc; path = CHCTopMenuItem.m; sourceTree = "<group>"; };
		EA8324961A2323A900500268 /* CHCTopMenuViewController.h */ = {isa = PBXFileReference; fileEncoding = 4; lastKnownFileType = sourcecode.c.h; path = CHCTopMenuViewController.h; sourceTree = "<group>"; };
		EA8324971A2323A900500268 /* CHCTopMenuViewController.m */ = {isa = PBXFileReference; fileEncoding = 4; lastKnownFileType = sourcecode.c.objc; path = CHCTopMenuViewController.m; sourceTree = "<group>"; };
		EA83249B1A23245500500268 /* SLViewController.h */ = {isa = PBXFileReference; fileEncoding = 4; lastKnownFileType = sourcecode.c.h; path = SLViewController.h; sourceTree = "<group>"; };
		EA83249C1A23245500500268 /* SLViewController.m */ = {isa = PBXFileReference; fileEncoding = 4; lastKnownFileType = sourcecode.c.objc; path = SLViewController.m; sourceTree = "<group>"; };
/* End PBXFileReference section */

/* Begin PBXFrameworksBuildPhase section */
		EA8324651A23235900500268 /* Frameworks */ = {
			isa = PBXFrameworksBuildPhase;
			buildActionMask = 2147483647;
			files = (
			);
			runOnlyForDeploymentPostprocessing = 0;
		};
		EA83247E1A23235A00500268 /* Frameworks */ = {
			isa = PBXFrameworksBuildPhase;
			buildActionMask = 2147483647;
			files = (
			);
			runOnlyForDeploymentPostprocessing = 0;
		};
/* End PBXFrameworksBuildPhase section */

/* Begin PBXGroup section */
		EA83245F1A23235900500268 = {
			isa = PBXGroup;
			children = (
				EA83246A1A23235900500268 /* CHCTopMenuDemo */,
				EA8324841A23235A00500268 /* CHCTopMenuDemoTests */,
				EA8324691A23235900500268 /* Products */,
			);
			sourceTree = "<group>";
		};
		EA8324691A23235900500268 /* Products */ = {
			isa = PBXGroup;
			children = (
				EA8324681A23235900500268 /* CHCTopMenuDemo.app */,
				EA8324811A23235A00500268 /* CHCTopMenuDemoTests.xctest */,
			);
			name = Products;
			sourceTree = "<group>";
		};
		EA83246A1A23235900500268 /* CHCTopMenuDemo */ = {
			isa = PBXGroup;
			children = (
				EA8324911A2323A900500268 /* CHCTopMenu */,
				EA83246F1A23235900500268 /* AppDelegate.h */,
				EA8324701A23235900500268 /* AppDelegate.m */,
				EA8324721A23235900500268 /* ViewController.h */,
				EA8324731A23235900500268 /* ViewController.m */,
				EA8324751A23235900500268 /* Main.storyboard */,
				EA8324781A23235900500268 /* Images.xcassets */,
				EA83247A1A23235A00500268 /* LaunchScreen.xib */,
				EA83246B1A23235900500268 /* Supporting Files */,
				EA83249B1A23245500500268 /* SLViewController.h */,
				EA83249C1A23245500500268 /* SLViewController.m */,
			);
			path = CHCTopMenuDemo;
			sourceTree = "<group>";
		};
		EA83246B1A23235900500268 /* Supporting Files */ = {
			isa = PBXGroup;
			children = (
				EA83246C1A23235900500268 /* Info.plist */,
				EA83246D1A23235900500268 /* main.m */,
			);
			name = "Supporting Files";
			sourceTree = "<group>";
		};
		EA8324841A23235A00500268 /* CHCTopMenuDemoTests */ = {
			isa = PBXGroup;
			children = (
				EA8324871A23235A00500268 /* CHCTopMenuDemoTests.m */,
				EA8324851A23235A00500268 /* Supporting Files */,
			);
			path = CHCTopMenuDemoTests;
			sourceTree = "<group>";
		};
		EA8324851A23235A00500268 /* Supporting Files */ = {
			isa = PBXGroup;
			children = (
				EA8324861A23235A00500268 /* Info.plist */,
			);
			name = "Supporting Files";
			sourceTree = "<group>";
		};
		EA8324911A2323A900500268 /* CHCTopMenu */ = {
			isa = PBXGroup;
			children = (
				EA8324921A2323A900500268 /* CHCTopMenuBar.h */,
				EA8324931A2323A900500268 /* CHCTopMenuBar.m */,
				EA8324941A2323A900500268 /* CHCTopMenuItem.h */,
				EA8324951A2323A900500268 /* CHCTopMenuItem.m */,
				EA8324961A2323A900500268 /* CHCTopMenuViewController.h */,
				EA8324971A2323A900500268 /* CHCTopMenuViewController.m */,
			);
			path = CHCTopMenu;
			sourceTree = "<group>";
		};
/* End PBXGroup section */

/* Begin PBXNativeTarget section */
		EA8324671A23235900500268 /* CHCTopMenuDemo */ = {
			isa = PBXNativeTarget;
			buildConfigurationList = EA83248B1A23235A00500268 /* Build configuration list for PBXNativeTarget "CHCTopMenuDemo" */;
			buildPhases = (
				EA8324641A23235900500268 /* Sources */,
				EA8324651A23235900500268 /* Frameworks */,
				EA8324661A23235900500268 /* Resources */,
			);
			buildRules = (
			);
			dependencies = (
			);
			name = CHCTopMenuDemo;
			productName = CHCTopMenuDemo;
			productReference = EA8324681A23235900500268 /* CHCTopMenuDemo.app */;
			productType = "com.apple.product-type.application";
		};
		EA8324801A23235A00500268 /* CHCTopMenuDemoTests */ = {
			isa = PBXNativeTarget;
			buildConfigurationList = EA83248E1A23235A00500268 /* Build configuration list for PBXNativeTarget "CHCTopMenuDemoTests" */;
			buildPhases = (
				EA83247D1A23235A00500268 /* Sources */,
				EA83247E1A23235A00500268 /* Frameworks */,
				EA83247F1A23235A00500268 /* Resources */,
			);
			buildRules = (
			);
			dependencies = (
				EA8324831A23235A00500268 /* PBXTargetDependency */,
			);
			name = CHCTopMenuDemoTests;
			productName = CHCTopMenuDemoTests;
			productReference = EA8324811A23235A00500268 /* CHCTopMenuDemoTests.xctest */;
			productType = "com.apple.product-type.bundle.unit-test";
		};
/* End PBXNativeTarget section */

/* Begin PBXProject section */
		EA8324601A23235900500268 /* Project object */ = {
			isa = PBXProject;
			attributes = {
				LastUpgradeCheck = 0610;
				ORGANIZATIONNAME = charles;
				TargetAttributes = {
					EA8324671A23235900500268 = {
						CreatedOnToolsVersion = 6.1;
					};
					EA8324801A23235A00500268 = {
						CreatedOnToolsVersion = 6.1;
						TestTargetID = EA8324671A23235900500268;
					};
				};
			};
			buildConfigurationList = EA8324631A23235900500268 /* Build configuration list for PBXProject "CHCTopMenuDemo" */;
			compatibilityVersion = "Xcode 3.2";
			developmentRegion = English;
			hasScannedForEncodings = 0;
			knownRegions = (
				en,
				Base,
			);
			mainGroup = EA83245F1A23235900500268;
			productRefGroup = EA8324691A23235900500268 /* Products */;
			projectDirPath = "";
			projectRoot = "";
			targets = (
				EA8324671A23235900500268 /* CHCTopMenuDemo */,
				EA8324801A23235A00500268 /* CHCTopMenuDemoTests */,
			);
		};
/* End PBXProject section */

/* Begin PBXResourcesBuildPhase section */
		EA8324661A23235900500268 /* Resources */ = {
			isa = PBXResourcesBuildPhase;
			buildActionMask = 2147483647;
			files = (
				EA8324771A23235900500268 /* Main.storyboard in Resources */,
				EA83247C1A23235A00500268 /* LaunchScreen.xib in Resources */,
				EA8324791A23235900500268 /* Images.xcassets in Resources */,
			);
			runOnlyForDeploymentPostprocessing = 0;
		};
		EA83247F1A23235A00500268 /* Resources */ = {
			isa = PBXResourcesBuildPhase;
			buildActionMask = 2147483647;
			files = (
			);
			runOnlyForDeploymentPostprocessing = 0;
		};
/* End PBXResourcesBuildPhase section */

/* Begin PBXSourcesBuildPhase section */
		EA8324641A23235900500268 /* Sources */ = {
			isa = PBXSourcesBuildPhase;
			buildActionMask = 2147483647;
			files = (
				EA83249A1A2323A900500268 /* CHCTopMenuViewController.m in Sources */,
				EA8324741A23235900500268 /* ViewController.m in Sources */,
				EA8324991A2323A900500268 /* CHCTopMenuItem.m in Sources */,
				EA8324981A2323A900500268 /* CHCTopMenuBar.m in Sources */,
				EA8324711A23235900500268 /* AppDelegate.m in Sources */,
				EA83249D1A23245500500268 /* SLViewController.m in Sources */,
				EA83246E1A23235900500268 /* main.m in Sources */,
			);
			runOnlyForDeploymentPostprocessing = 0;
		};
		EA83247D1A23235A00500268 /* Sources */ = {
			isa = PBXSourcesBuildPhase;
			buildActionMask = 2147483647;
			files = (
				EA8324881A23235A00500268 /* CHCTopMenuDemoTests.m in Sources */,
			);
			runOnlyForDeploymentPostprocessing = 0;
		};
/* End PBXSourcesBuildPhase section */

/* Begin PBXTargetDependency section */
		EA8324831A23235A00500268 /* PBXTargetDependency */ = {
			isa = PBXTargetDependency;
			target = EA8324671A23235900500268 /* CHCTopMenuDemo */;
			targetProxy = EA8324821A23235A00500268 /* PBXContainerItemProxy */;
		};
/* End PBXTargetDependency section */

/* Begin PBXVariantGroup section */
		EA8324751A23235900500268 /* Main.storyboard */ = {
			isa = PBXVariantGroup;
			children = (
				EA8324761A23235900500268 /* Base */,
			);
			name = Main.storyboard;
			sourceTree = "<group>";
		};
		EA83247A1A23235A00500268 /* LaunchScreen.xib */ = {
			isa = PBXVariantGroup;
			children = (
				EA83247B1A23235A00500268 /* Base */,
			);
			name = LaunchScreen.xib;
			sourceTree = "<group>";
		};
/* End PBXVariantGroup section */

/* Begin XCBuildConfiguration section */
		EA8324891A23235A00500268 /* Debug */ = {
			isa = XCBuildConfiguration;
			buildSettings = {
				ALWAYS_SEARCH_USER_PATHS = NO;
				CLANG_CXX_LANGUAGE_STANDARD = "gnu++0x";
				CLANG_CXX_LIBRARY = "libc++";
				CLANG_ENABLE_MODULES = YES;
				CLANG_ENABLE_OBJC_ARC = YES;
				CLANG_WARN_BOOL_CONVERSION = YES;
				CLANG_WARN_CONSTANT_CONVERSION = YES;
				CLANG_WARN_DIRECT_OBJC_ISA_USAGE = YES_ERROR;
				CLANG_WARN_EMPTY_BODY = YES;
				CLANG_WARN_ENUM_CONVERSION = YES;
				CLANG_WARN_INT_CONVERSION = YES;
				CLANG_WARN_OBJC_ROOT_CLASS = YES_ERROR;
				CLANG_WARN_UNREACHABLE_CODE = YES;
				CLANG_WARN__DUPLICATE_METHOD_MATCH = YES;
				"CODE_SIGN_IDENTITY[sdk=iphoneos*]" = "iPhone Developer";
				COPY_PHASE_STRIP = NO;
				ENABLE_STRICT_OBJC_MSGSEND = YES;
				GCC_C_LANGUAGE_STANDARD = gnu99;
				GCC_DYNAMIC_NO_PIC = NO;
				GCC_OPTIMIZATION_LEVEL = 0;
				GCC_PREPROCESSOR_DEFINITIONS = (
					"DEBUG=1",
					"$(inherited)",
				);
				GCC_SYMBOLS_PRIVATE_EXTERN = NO;
				GCC_WARN_64_TO_32_BIT_CONVERSION = YES;
				GCC_WARN_ABOUT_RETURN_TYPE = YES_ERROR;
				GCC_WARN_UNDECLARED_SELECTOR = YES;
				GCC_WARN_UNINITIALIZED_AUTOS = YES_AGGRESSIVE;
				GCC_WARN_UNUSED_FUNCTION = YES;
				GCC_WARN_UNUSED_VARIABLE = YES;
				IPHONEOS_DEPLOYMENT_TARGET = 8.1;
				MTL_ENABLE_DEBUG_INFO = YES;
				ONLY_ACTIVE_ARCH = YES;
				SDKROOT = iphoneos;
			};
			name = Debug;
		};
		EA83248A1A23235A00500268 /* Release */ = {
			isa = XCBuildConfiguration;
			buildSettings = {
				ALWAYS_SEARCH_USER_PATHS = NO;
				CLANG_CXX_LANGUAGE_STANDARD = "gnu++0x";
				CLANG_CXX_LIBRARY = "libc++";
				CLANG_ENABLE_MODULES = YES;
				CLANG_ENABLE_OBJC_ARC = YES;
				CLANG_WARN_BOOL_CONVERSION = YES;
				CLANG_WARN_CONSTANT_CONVERSION = YES;
				CLANG_WARN_DIRECT_OBJC_ISA_USAGE = YES_ERROR;
				CLANG_WARN_EMPTY_BODY = YES;
				CLANG_WARN_ENUM_CONVERSION = YES;
				CLANG_WARN_INT_CONVERSION = YES;
				CLANG_WARN_OBJC_ROOT_CLASS = YES_ERROR;
				CLANG_WARN_UNREACHABLE_CODE = YES;
				CLANG_WARN__DUPLICATE_METHOD_MATCH = YES;
				"CODE_SIGN_IDENTITY[sdk=iphoneos*]" = "iPhone Developer";
				COPY_PHASE_STRIP = YES;
				ENABLE_NS_ASSERTIONS = NO;
				ENABLE_STRICT_OBJC_MSGSEND = YES;
				GCC_C_LANGUAGE_STANDARD = gnu99;
				GCC_WARN_64_TO_32_BIT_CONVERSION = YES;
				GCC_WARN_ABOUT_RETURN_TYPE = YES_ERROR;
				GCC_WARN_UNDECLARED_SELECTOR = YES;
				GCC_WARN_UNINITIALIZED_AUTOS = YES_AGGRESSIVE;
				GCC_WARN_UNUSED_FUNCTION = YES;
				GCC_WARN_UNUSED_VARIABLE = YES;
				IPHONEOS_DEPLOYMENT_TARGET = 8.1;
				MTL_ENABLE_DEBUG_INFO = NO;
				SDKROOT = iphoneos;
				VALIDATE_PRODUCT = YES;
			};
			name = Release;
		};
		EA83248C1A23235A00500268 /* Debug */ = {
			isa = XCBuildConfiguration;
			buildSettings = {
				ASSETCATALOG_COMPILER_APPICON_NAME = AppIcon;
				ASSETCATALOG_COMPILER_LAUNCHIMAGE_NAME = "";
				INFOPLIST_FILE = CHCTopMenuDemo/Info.plist;
				IPHONEOS_DEPLOYMENT_TARGET = 6.0;
				LD_RUNPATH_SEARCH_PATHS = "$(inherited) @executable_path/Frameworks";
				PRODUCT_NAME = "$(TARGET_NAME)";
			};
			name = Debug;
		};
		EA83248D1A23235A00500268 /* Release */ = {
			isa = XCBuildConfiguration;
			buildSettings = {
				ASSETCATALOG_COMPILER_APPICON_NAME = AppIcon;
				ASSETCATALOG_COMPILER_LAUNCHIMAGE_NAME = "";
				INFOPLIST_FILE = CHCTopMenuDemo/Info.plist;
				IPHONEOS_DEPLOYMENT_TARGET = 6.0;
				LD_RUNPATH_SEARCH_PATHS = "$(inherited) @executable_path/Frameworks";
				PRODUCT_NAME = "$(TARGET_NAME)";
			};
			name = Release;
		};
		EA83248F1A23235A00500268 /* Debug */ = {
			isa = XCBuildConfiguration;
			buildSettings = {
				BUNDLE_LOADER = "$(TEST_HOST)";
				FRAMEWORK_SEARCH_PATHS = (
					"$(SDKROOT)/Developer/Library/Frameworks",
					"$(inherited)",
				);
				GCC_PREPROCESSOR_DEFINITIONS = (
					"DEBUG=1",
					"$(inherited)",
				);
				INFOPLIST_FILE = CHCTopMenuDemoTests/Info.plist;
				LD_RUNPATH_SEARCH_PATHS = "$(inherited) @executable_path/Frameworks @loader_path/Frameworks";
				PRODUCT_NAME = "$(TARGET_NAME)";
				TEST_HOST = "$(BUILT_PRODUCTS_DIR)/CHCTopMenuDemo.app/CHCTopMenuDemo";
			};
			name = Debug;
		};
		EA8324901A23235A00500268 /* Release */ = {
			isa = XCBuildConfiguration;
			buildSettings = {
				BUNDLE_LOADER = "$(TEST_HOST)";
				FRAMEWORK_SEARCH_PATHS = (
					"$(SDKROOT)/Developer/Library/Frameworks",
					"$(inherited)",
				);
				INFOPLIST_FILE = CHCTopMenuDemoTests/Info.plist;
				LD_RUNPATH_SEARCH_PATHS = "$(inherited) @executable_path/Frameworks @loader_path/Frameworks";
				PRODUCT_NAME = "$(TARGET_NAME)";
				TEST_HOST = "$(BUILT_PRODUCTS_DIR)/CHCTopMenuDemo.app/CHCTopMenuDemo";
			};
			name = Release;
		};
/* End XCBuildConfiguration section */

/* Begin XCConfigurationList section */
		EA8324631A23235900500268 /* Build configuration list for PBXProject "CHCTopMenuDemo" */ = {
			isa = XCConfigurationList;
			buildConfigurations = (
				EA8324891A23235A00500268 /* Debug */,
				EA83248A1A23235A00500268 /* Release */,
			);
			defaultConfigurationIsVisible = 0;
			defaultConfigurationName = Release;
		};
		EA83248B1A23235A00500268 /* Build configuration list for PBXNativeTarget "CHCTopMenuDemo" */ = {
			isa = XCConfigurationList;
			buildConfigurations = (
				EA83248C1A23235A00500268 /* Debug */,
				EA83248D1A23235A00500268 /* Release */,
			);
			defaultConfigurationIsVisible = 0;
			defaultConfigurationName = Release;
		};
		EA83248E1A23235A00500268 /* Build configuration list for PBXNativeTarget "CHCTopMenuDemoTests" */ = {
			isa = XCConfigurationList;
			buildConfigurations = (
				EA83248F1A23235A00500268 /* Debug */,
				EA8324901A23235A00500268 /* Release */,
			);
			defaultConfigurationIsVisible = 0;
			defaultConfigurationName = Release;
		};
/* End XCConfigurationList section */
	};
	rootObject = EA8324601A23235900500268 /* Project object */;
}
